
Microsoft Visual Studio Solution File, Format Version 12.00
# Visual Studio Version 16
VisualStudioVersion = 16.0.30413.136
MinimumVisualStudioVersion = 10.0.40219.1
Project("{FAE04EC0-301F-11D3-BF4B-00C04F79EFBC}") = "lb3_A", "lb3_A\lb3_A.csproj", "{12AFAA32-87BE-4DE7-9F3F-D1E32B66605C}"
EndProject
Global
	GlobalSection(SolutionConfigurationPlatforms) = preSolution
		Debug|Any CPU = Debug|Any CPU
		Release|Any CPU = Release|Any CPU
	EndGlobalSection
	GlobalSection(ProjectConfigurationPlatforms) = postSolution
		{12AFAA32-87BE-4DE7-9F3F-D1E32B66605C}.Debug|Any CPU.ActiveCfg = Debug|Any CPU
		{12AFAA32-87BE-4DE7-9F3F-D1E32B66605C}.Debug|Any CPU.Build.0 = Debug|Any CPU
		{12AFAA32-87BE-4DE7-9F3F-D1E32B66605C}.Release|Any CPU.ActiveCfg = Release|Any CPU
		{12AFAA32-87BE-4DE7-9F3F-D1E32B66605C}.Release|Any CPU.Build.0 = Release|Any CPU
	EndGlobalSection
	GlobalSection(SolutionProperties) = preSolution
		HideSolutionNode = FALSE
	EndGlobalSection
	GlobalSection(ExtensibilityGlobals) = postSolution
		SolutionGuid = {BAB2FFA3-1F22-4762-A615-AED0995700EC}
	EndGlobalSection
EndGlobal
